
Microsoft Visual Studio Solution File, Format Version 12.00
# Visual Studio 15
VisualStudioVersion = 15.0.28307.645
MinimumVisualStudioVersion = 10.0.40219.1
Project("{FAE04EC0-301F-11D3-BF4B-00C04F79EFBC}") = "Crypto_Classes_Library", "Crypto_Classes_V1_0\Crypto_Classes_Library.csproj", "{D5B1A4A1-65D3-48C7-8C1E-281A04C77E51}"
EndProject
Global
	GlobalSection(SolutionConfigurationPlatforms) = preSolution
		Debug|Any CPU = Debug|Any CPU
		Release|Any CPU = Release|Any CPU
	EndGlobalSection
	GlobalSection(ProjectConfigurationPlatforms) = postSolution
		{D5B1A4A1-65D3-48C7-8C1E-281A04C77E51}.Debug|Any CPU.ActiveCfg = Debug|Any CPU
		{D5B1A4A1-65D3-48C7-8C1E-281A04C77E51}.Debug|Any CPU.Build.0 = Debug|Any CPU
		{D5B1A4A1-65D3-48C7-8C1E-281A04C77E51}.Release|Any CPU.ActiveCfg = Release|Any CPU
		{D5B1A4A1-65D3-48C7-8C1E-281A04C77E51}.Release|Any CPU.Build.0 = Release|Any CPU
	EndGlobalSection
	GlobalSection(SolutionProperties) = preSolution
		HideSolutionNode = FALSE
	EndGlobalSection
	GlobalSection(ExtensibilityGlobals) = postSolution
		SolutionGuid = {645316A4-6CF3-4EC7-9DCA-C086B45953AB}
	EndGlobalSection
EndGlobal
